
Microsoft Visual Studio Solution File, Format Version 9.00
# Visual Studio 2005
Project("{FAE04EC0-301F-11D3-BF4B-00C04F79EFBC}") = "DotaHIT", "DotaHAB\DotaHIT.csproj", "{6DF82407-942B-4B06-9D60-070225917CA7}"
EndProject
Project("{FAE04EC0-301F-11D3-BF4B-00C04F79EFBC}") = "MpqTest", "MpqTest\MpqTest.csproj", "{83E6FF76-284C-4F0B-A3B3-2B7FB4D27AEB}"
EndProject
Project("{FAE04EC0-301F-11D3-BF4B-00C04F79EFBC}") = "WindowsApplication1", "WindowsApplication1\WindowsApplication1.csproj", "{2B187ADB-8E6C-487F-AE30-603EC51C485E}"
EndProject
Project("{FAE04EC0-301F-11D3-BF4B-00C04F79EFBC}") = "ExpTreeLib", "DotaHAB\Explorer Control\ExpTreeSharpLib\ExpTreeLib.csproj", "{22D53870-1B39-4FA2-92D7-1F4B7D3DF0C8}"
EndProject
Project("{FAE04EC0-301F-11D3-BF4B-00C04F79EFBC}") = "ProDotaReplayExport", "ProDotaReplayExport\ProDotaReplayExport.csproj", "{F7FF8797-BD65-4C52-924D-250B12AD656D}"
EndProject
Global
	GlobalSection(SubversionScc) = preSolution
		Svn-Managed = True
		Manager = AnkhSVN - Subversion Support for Visual Studio
	EndGlobalSection
	GlobalSection(SolutionConfigurationPlatforms) = preSolution
		Debug|Any CPU = Debug|Any CPU
		Debug|Mixed Platforms = Debug|Mixed Platforms
		Debug|Win32 = Debug|Win32
		Release|Any CPU = Release|Any CPU
		Release|Mixed Platforms = Release|Mixed Platforms
		Release|Win32 = Release|Win32
	EndGlobalSection
	GlobalSection(ProjectConfigurationPlatforms) = postSolution
		{6DF82407-942B-4B06-9D60-070225917CA7}.Debug|Any CPU.ActiveCfg = Debug|Any CPU
		{6DF82407-942B-4B06-9D60-070225917CA7}.Debug|Any CPU.Build.0 = Debug|Any CPU
		{6DF82407-942B-4B06-9D60-070225917CA7}.Debug|Mixed Platforms.ActiveCfg = Debug|Any CPU
		{6DF82407-942B-4B06-9D60-070225917CA7}.Debug|Mixed Platforms.Build.0 = Debug|Any CPU
		{6DF82407-942B-4B06-9D60-070225917CA7}.Debug|Win32.ActiveCfg = Debug|Any CPU
		{6DF82407-942B-4B06-9D60-070225917CA7}.Release|Any CPU.ActiveCfg = Release|Any CPU
		{6DF82407-942B-4B06-9D60-070225917CA7}.Release|Any CPU.Build.0 = Release|Any CPU
		{6DF82407-942B-4B06-9D60-070225917CA7}.Release|Mixed Platforms.ActiveCfg = Release|Any CPU
		{6DF82407-942B-4B06-9D60-070225917CA7}.Release|Mixed Platforms.Build.0 = Release|Any CPU
		{6DF82407-942B-4B06-9D60-070225917CA7}.Release|Win32.ActiveCfg = Release|Any CPU
		{83E6FF76-284C-4F0B-A3B3-2B7FB4D27AEB}.Debug|Any CPU.ActiveCfg = Debug|Any CPU
		{83E6FF76-284C-4F0B-A3B3-2B7FB4D27AEB}.Debug|Any CPU.Build.0 = Debug|Any CPU
		{83E6FF76-284C-4F0B-A3B3-2B7FB4D27AEB}.Debug|Mixed Platforms.ActiveCfg = Debug|Any CPU
		{83E6FF76-284C-4F0B-A3B3-2B7FB4D27AEB}.Debug|Mixed Platforms.Build.0 = Debug|Any CPU
		{83E6FF76-284C-4F0B-A3B3-2B7FB4D27AEB}.Debug|Win32.ActiveCfg = Debug|Any CPU
		{83E6FF76-284C-4F0B-A3B3-2B7FB4D27AEB}.Release|Any CPU.ActiveCfg = Release|Any CPU
		{83E6FF76-284C-4F0B-A3B3-2B7FB4D27AEB}.Release|Any CPU.Build.0 = Release|Any CPU
		{83E6FF76-284C-4F0B-A3B3-2B7FB4D27AEB}.Release|Mixed Platforms.ActiveCfg = Release|Any CPU
		{83E6FF76-284C-4F0B-A3B3-2B7FB4D27AEB}.Release|Mixed Platforms.Build.0 = Release|Any CPU
		{83E6FF76-284C-4F0B-A3B3-2B7FB4D27AEB}.Release|Win32.ActiveCfg = Release|Any CPU
		{2B187ADB-8E6C-487F-AE30-603EC51C485E}.Debug|Any CPU.ActiveCfg = Debug|Any CPU
		{2B187ADB-8E6C-487F-AE30-603EC51C485E}.Debug|Any CPU.Build.0 = Debug|Any CPU
		{2B187ADB-8E6C-487F-AE30-603EC51C485E}.Debug|Mixed Platforms.ActiveCfg = Debug|Any CPU
		{2B187ADB-8E6C-487F-AE30-603EC51C485E}.Debug|Mixed Platforms.Build.0 = Debug|Any CPU
		{2B187ADB-8E6C-487F-AE30-603EC51C485E}.Debug|Win32.ActiveCfg = Debug|Any CPU
		{2B187ADB-8E6C-487F-AE30-603EC51C485E}.Release|Any CPU.ActiveCfg = Release|Any CPU
		{2B187ADB-8E6C-487F-AE30-603EC51C485E}.Release|Any CPU.Build.0 = Release|Any CPU
		{2B187ADB-8E6C-487F-AE30-603EC51C485E}.Release|Mixed Platforms.ActiveCfg = Release|Any CPU
		{2B187ADB-8E6C-487F-AE30-603EC51C485E}.Release|Mixed Platforms.Build.0 = Release|Any CPU
		{2B187ADB-8E6C-487F-AE30-603EC51C485E}.Release|Win32.ActiveCfg = Release|Any CPU
		{22D53870-1B39-4FA2-92D7-1F4B7D3DF0C8}.Debug|Any CPU.ActiveCfg = Debug|Any CPU
		{22D53870-1B39-4FA2-92D7-1F4B7D3DF0C8}.Debug|Any CPU.Build.0 = Debug|Any CPU
		{22D53870-1B39-4FA2-92D7-1F4B7D3DF0C8}.Debug|Mixed Platforms.ActiveCfg = Debug|Any CPU
		{22D53870-1B39-4FA2-92D7-1F4B7D3DF0C8}.Debug|Mixed Platforms.Build.0 = Debug|Any CPU
		{22D53870-1B39-4FA2-92D7-1F4B7D3DF0C8}.Debug|Win32.ActiveCfg = Debug|Any CPU
		{22D53870-1B39-4FA2-92D7-1F4B7D3DF0C8}.Release|Any CPU.ActiveCfg = Release|Any CPU
		{22D53870-1B39-4FA2-92D7-1F4B7D3DF0C8}.Release|Any CPU.Build.0 = Release|Any CPU
		{22D53870-1B39-4FA2-92D7-1F4B7D3DF0C8}.Release|Mixed Platforms.ActiveCfg = Release|Any CPU
		{22D53870-1B39-4FA2-92D7-1F4B7D3DF0C8}.Release|Mixed Platforms.Build.0 = Release|Any CPU
		{22D53870-1B39-4FA2-92D7-1F4B7D3DF0C8}.Release|Win32.ActiveCfg = Release|Any CPU
		{F7FF8797-BD65-4C52-924D-250B12AD656D}.Debug|Any CPU.ActiveCfg = Debug|Any CPU
		{F7FF8797-BD65-4C52-924D-250B12AD656D}.Debug|Any CPU.Build.0 = Debug|Any CPU
		{F7FF8797-BD65-4C52-924D-250B12AD656D}.Debug|Mixed Platforms.ActiveCfg = Debug|Any CPU
		{F7FF8797-BD65-4C52-924D-250B12AD656D}.Debug|Mixed Platforms.Build.0 = Debug|Any CPU
		{F7FF8797-BD65-4C52-924D-250B12AD656D}.Debug|Win32.ActiveCfg = Debug|Any CPU
		{F7FF8797-BD65-4C52-924D-250B12AD656D}.Release|Any CPU.ActiveCfg = Release|Any CPU
		{F7FF8797-BD65-4C52-924D-250B12AD656D}.Release|Any CPU.Build.0 = Release|Any CPU
		{F7FF8797-BD65-4C52-924D-250B12AD656D}.Release|Mixed Platforms.ActiveCfg = Release|Any CPU
		{F7FF8797-BD65-4C52-924D-250B12AD656D}.Release|Mixed Platforms.Build.0 = Release|Any CPU
		{F7FF8797-BD65-4C52-924D-250B12AD656D}.Release|Win32.ActiveCfg = Release|Any CPU
	EndGlobalSection
	GlobalSection(SolutionProperties) = preSolution
		HideSolutionNode = FALSE
	EndGlobalSection
EndGlobal
